<?xml version="1.0" encoding="utf-8"?>
<Project ToolsVersion="4.0" xmlns="http://schemas.microsoft.com/developer/msbuild/2003">
  <ItemGroup>
    <Filter Include="Source Files">
      <UniqueIdentifier>{4FC737F1-C7A5-4376-A066-2A32D752A2FF}</UniqueIdentifier>
      <Extensions>cpp;c;cc;cxx;def;odl;idl;hpj;bat;asm;asmx</Extensions>
    </Filter>
    <Filter Include="Header Files">
      <UniqueIdentifier>{93995380-89BD-4b04-88EB-625FBE52EBFB}</UniqueIdentifier>
      <Extensions>h;hpp;hxx;hm;inl;inc;xsd</Extensions>
    </Filter>
    <Filter Include="Resource Files">
      <UniqueIdentifier>{67DA6AB6-F800-4c08-8B7A-83BB121AAD01}</UniqueIdentifier>
      <Extensions>rc;ico;cur;bmp;dlg;rc2;rct;bin;rgs;gif;jpg;jpeg;jpe;resx;tiff;tif;png;wav;mfcribbon-ms</Extensions>
    </Filter>
  </ItemGroup>
  <ItemGroup>
    <ClCompile Include="main_UIA.cpp">
      <Filter>Source Files</Filter>
    </ClCompile>
    <ClCompile Include="NowPlugin_UIA.cpp">
      <Filter>Source Files</Filter>
    </ClCompile>
    <ClCompile Include="controls\NowButton_UIA.cpp">
      <Filter>Source Files</Filter>
    </ClCompile>
    <ClCompile Include="controls\NowControl_UIA.cpp">
      <Filter>Source Files</Filter>
    </ClCompile>
    <ClCompile Include="NowControlBuilder.cpp">
      <Filter>Source Files</Filter>
    </ClCompile>
    <ClCompile Include="NowCommunication.cpp">
      <Filter>Source Files</Filter>
    </ClCompile>
    <ClCompile Include="controls\NowListItem_UIA.cpp">
      <Filter>Source Files</Filter>
    </ClCompile>
    <ClCompile Include="controls\NowTreeItem_UIA.cpp">
      <Filter>Source Files</Filter>
    </ClCompile>
    <ClCompile Include="NowService.cpp">
      <Filter>Source Files</Filter>
    </ClCompile>
    <ClCompile Include="controls\NowCheckBox_UIA.cpp">
      <Filter>Source Files</Filter>
    </ClCompile>
    <ClCompile Include="controls\NowRadioButton_UIA.cpp">
      <Filter>Source Files</Filter>
    </ClCompile>
    <ClCompile Include="controls\NowHyperlink_UIA.cpp">
      <Filter>Source Files</Filter>
    </ClCompile>
    <ClCompile Include="controls\NowMenuBar_UIA.cpp">
      <Filter>Source Files</Filter>
    </ClCompile>
    <ClCompile Include="controls\NowTabItem_UIA.cpp">
      <Filter>Source Files</Filter>
    </ClCompile>
    <ClCompile Include="controls\NowProgressBar_UIA.cpp">
      <Filter>Source Files</Filter>
    </ClCompile>
    <ClCompile Include="controls\NowTitleBar_UIA.cpp">
      <Filter>Source Files</Filter>
    </ClCompile>
    <ClCompile Include="NowWindow_UIA.cpp">
      <Filter>Source Files</Filter>
    </ClCompile>
    <ClCompile Include="NowStringProcessor_UIA.cpp">
      <Filter>Source Files</Filter>
    </ClCompile>
    <ClCompile Include="controls\NowEdit_UIA.cpp">
      <Filter>Source Files</Filter>
    </ClCompile>
  </ItemGroup>
  <ItemGroup>
    <ClInclude Include="NowPlugin_UIA.h">
      <Filter>Header Files</Filter>
    </ClInclude>
    <ClInclude Include="controls\NowControl_UIA.h">
      <Filter>Header Files</Filter>
    </ClInclude>
    <ClInclude Include="controls\NowButton_UIA.h">
      <Filter>Header Files</Filter>
    </ClInclude>
    <ClInclude Include="NowControlBuilder.h">
      <Filter>Header Files</Filter>
    </ClInclude>
    <ClInclude Include="NowCommunication.h">
      <Filter>Header Files</Filter>
    </ClInclude>
    <ClInclude Include="controls\NowListItem_UIA.h">
      <Filter>Header Files</Filter>
    </ClInclude>
    <ClInclude Include="controls\NowTreeItem_UIA.h">
      <Filter>Header Files</Filter>
    </ClInclude>
    <ClInclude Include="NowService.h">
      <Filter>Header Files</Filter>
    </ClInclude>
    <ClInclude Include="controls\NowCheckBox_UIA.h">
      <Filter>Header Files</Filter>
    </ClInclude>
    <ClInclude Include="controls\NowRadioButton_UIA.h">
      <Filter>Header Files</Filter>
    </ClInclude>
    <ClInclude Include="controls\NowHyperlink_UIA.h">
      <Filter>Header Files</Filter>
    </ClInclude>
    <ClInclude Include="controls\NowMenuBar_UIA.h">
      <Filter>Header Files</Filter>
    </ClInclude>
    <ClInclude Include="controls\NowTabItem_UIA.h">
      <Filter>Header Files</Filter>
    </ClInclude>
    <ClInclude Include="controls\NowProgressBar_UIA.h">
      <Filter>Header Files</Filter>
    </ClInclude>
    <ClInclude Include="controls\NowTitleBar_UIA.h">
      <Filter>Header Files</Filter>
    </ClInclude>
    <ClInclude Include="NowWindow_UIA.h">
      <Filter>Header Files</Filter>
    </ClInclude>
    <ClInclude Include="NowUIAActionDefine.h">
      <Filter>Header Files</Filter>
    </ClInclude>
    <ClInclude Include="NowStringProcessor_UIA.h">
      <Filter>Header Files</Filter>
    </ClInclude>
    <ClInclude Include="controls\NowEdit_UIA.h">
      <Filter>Header Files</Filter>
    </ClInclude>
  </ItemGroup>
</Project>